github.com/stianeikeland/go-rpio/v4 v4.4.0 h1:LScvNyXHF412co42LG5t7bvBDbtDAhLF828ebaGqmjA=
github.com/stianeikeland/go-rpio/v4 v4.4.0/go.mod h1:BkK52zk+FRk8wCTDf88/86Sojc+NfUiCAHd1ZV3RuTM=
golang.org/x/crypto v0.0.0-20190208162236-193df9c0f06f h1:ETU2VEl7TnT5bl7IvuKEzTDpplg5wzGYsOCAPhdoEIg=
golang.org/x/crypto v0.0.0-20190208162236-193df9c0f06f/go.mod h1:6SG95UA2DQfeDnfUPMdvaQW0Q7yPrPDi9nlGo2tz2b4=
